
Microsoft Visual Studio Solution File, Format Version 12.00
# Visual Studio Version 16
VisualStudioVersion = 16.0.30320.27
MinimumVisualStudioVersion = 10.0.40219.1
Project("{FAE04EC0-301F-11D3-BF4B-00C04F79EFBC}") = "Pandora Green Spot POS", "Pandora Green Spot POS\Pandora Green Spot POS.csproj", "{81D1A072-ADED-4BAA-B0EE-9FF2E2F36EFD}"
EndProject
Global
	GlobalSection(SolutionConfigurationPlatforms) = preSolution
		Debug|Any CPU = Debug|Any CPU
		Release|Any CPU = Release|Any CPU
	EndGlobalSection
	GlobalSection(ProjectConfigurationPlatforms) = postSolution
		{81D1A072-ADED-4BAA-B0EE-9FF2E2F36EFD}.Debug|Any CPU.ActiveCfg = Debug|Any CPU
		{81D1A072-ADED-4BAA-B0EE-9FF2E2F36EFD}.Debug|Any CPU.Build.0 = Debug|Any CPU
		{81D1A072-ADED-4BAA-B0EE-9FF2E2F36EFD}.Release|Any CPU.ActiveCfg = Release|Any CPU
		{81D1A072-ADED-4BAA-B0EE-9FF2E2F36EFD}.Release|Any CPU.Build.0 = Release|Any CPU
	EndGlobalSection
	GlobalSection(SolutionProperties) = preSolution
		HideSolutionNode = FALSE
	EndGlobalSection
	GlobalSection(ExtensibilityGlobals) = postSolution
		SolutionGuid = {C95AD03D-4734-4930-9BF8-627C023BD91F}
	EndGlobalSection
EndGlobal
